
Microsoft Visual Studio Solution File, Format Version 12.00
# Visual Studio 14
VisualStudioVersion = 14.0.25420.1
MinimumVisualStudioVersion = 10.0.40219.1
Project("{FAE04EC0-301F-11D3-BF4B-00C04F79EFBC}") = "MovieTheater.CLI", "MovieTheater.CLI\MovieTheater.CLI.csproj", "{59DD24AA-33FF-422C-9587-F718807C00D3}"
EndProject
Project("{FAE04EC0-301F-11D3-BF4B-00C04F79EFBC}") = "MovieTheater.Tests", "MovieTheater.Tests\MovieTheater.Tests.csproj", "{1E6E7E28-7F61-4DA3-81CD-F8394E62A20F}"
EndProject
Project("{FAE04EC0-301F-11D3-BF4B-00C04F79EFBC}") = "MovieTheater.Data", "MovieTheater.Data\MovieTheater.Data.csproj", "{63A8EBA4-8B4F-4775-B923-90AAE530F89E}"
EndProject
Project("{FAE04EC0-301F-11D3-BF4B-00C04F79EFBC}") = "MovieTheater.Models", "MovieTheater.Models\MovieTheater.Models.csproj", "{FEDE053F-76C6-4409-B2C2-931EF235E416}"
EndProject
Project("{FAE04EC0-301F-11D3-BF4B-00C04F79EFBC}") = "MovieTheater.Framework", "MovieTheater.Framework\MovieTheater.Framework.csproj", "{4B9586A1-D208-4C77-9100-E937F9F6DA83}"
EndProject
Project("{FAE04EC0-301F-11D3-BF4B-00C04F79EFBC}") = "NinjectModules", "NinjectModules\NinjectModules.csproj", "{A54AB993-6FD0-4BCB-814F-0BD1320BF49E}"
EndProject
Global
	GlobalSection(SolutionConfigurationPlatforms) = preSolution
		Debug|Any CPU = Debug|Any CPU
		Release|Any CPU = Release|Any CPU
	EndGlobalSection
	GlobalSection(ProjectConfigurationPlatforms) = postSolution
		{59DD24AA-33FF-422C-9587-F718807C00D3}.Debug|Any CPU.ActiveCfg = Debug|Any CPU
		{59DD24AA-33FF-422C-9587-F718807C00D3}.Debug|Any CPU.Build.0 = Debug|Any CPU
		{59DD24AA-33FF-422C-9587-F718807C00D3}.Release|Any CPU.ActiveCfg = Release|Any CPU
		{59DD24AA-33FF-422C-9587-F718807C00D3}.Release|Any CPU.Build.0 = Release|Any CPU
		{1E6E7E28-7F61-4DA3-81CD-F8394E62A20F}.Debug|Any CPU.ActiveCfg = Debug|Any CPU
		{1E6E7E28-7F61-4DA3-81CD-F8394E62A20F}.Debug|Any CPU.Build.0 = Debug|Any CPU
		{1E6E7E28-7F61-4DA3-81CD-F8394E62A20F}.Release|Any CPU.ActiveCfg = Release|Any CPU
		{1E6E7E28-7F61-4DA3-81CD-F8394E62A20F}.Release|Any CPU.Build.0 = Release|Any CPU
		{63A8EBA4-8B4F-4775-B923-90AAE530F89E}.Debug|Any CPU.ActiveCfg = Debug|Any CPU
		{63A8EBA4-8B4F-4775-B923-90AAE530F89E}.Debug|Any CPU.Build.0 = Debug|Any CPU
		{63A8EBA4-8B4F-4775-B923-90AAE530F89E}.Release|Any CPU.ActiveCfg = Release|Any CPU
		{63A8EBA4-8B4F-4775-B923-90AAE530F89E}.Release|Any CPU.Build.0 = Release|Any CPU
		{FEDE053F-76C6-4409-B2C2-931EF235E416}.Debug|Any CPU.ActiveCfg = Debug|Any CPU
		{FEDE053F-76C6-4409-B2C2-931EF235E416}.Debug|Any CPU.Build.0 = Debug|Any CPU
		{FEDE053F-76C6-4409-B2C2-931EF235E416}.Release|Any CPU.ActiveCfg = Release|Any CPU
		{FEDE053F-76C6-4409-B2C2-931EF235E416}.Release|Any CPU.Build.0 = Release|Any CPU
		{4B9586A1-D208-4C77-9100-E937F9F6DA83}.Debug|Any CPU.ActiveCfg = Debug|Any CPU
		{4B9586A1-D208-4C77-9100-E937F9F6DA83}.Debug|Any CPU.Build.0 = Debug|Any CPU
		{4B9586A1-D208-4C77-9100-E937F9F6DA83}.Release|Any CPU.ActiveCfg = Release|Any CPU
		{4B9586A1-D208-4C77-9100-E937F9F6DA83}.Release|Any CPU.Build.0 = Release|Any CPU
		{A54AB993-6FD0-4BCB-814F-0BD1320BF49E}.Debug|Any CPU.ActiveCfg = Debug|Any CPU
		{A54AB993-6FD0-4BCB-814F-0BD1320BF49E}.Debug|Any CPU.Build.0 = Debug|Any CPU
		{A54AB993-6FD0-4BCB-814F-0BD1320BF49E}.Release|Any CPU.ActiveCfg = Release|Any CPU
		{A54AB993-6FD0-4BCB-814F-0BD1320BF49E}.Release|Any CPU.Build.0 = Release|Any CPU
	EndGlobalSection
	GlobalSection(SolutionProperties) = preSolution
		HideSolutionNode = FALSE
	EndGlobalSection
EndGlobal
