
Microsoft Visual Studio Solution File, Format Version 12.00
# Visual Studio 14
VisualStudioVersion = 14.0.25420.1
MinimumVisualStudioVersion = 10.0.40219.1
Project("{FAE04EC0-301F-11D3-BF4B-00C04F79EFBC}") = "MovieTheater.CLI", "MovieTheater.CLI\MovieTheater.CLI.csproj", "{59DD24AA-33FF-422C-9587-F718807C00D3}"
EndProject
Project("{FAE04EC0-301F-11D3-BF4B-00C04F79EFBC}") = "MovieTheater.Framework", "MovieTheater.Framework\MovieTheater.Framework.csproj", "{9E1F5226-C7E4-4F0C-AC3D-D354F72A1BF5}"
EndProject
Project("{FAE04EC0-301F-11D3-BF4B-00C04F79EFBC}") = "MovieTheater.Tests", "MovieTheater.Tests\MovieTheater.Tests.csproj", "{1E6E7E28-7F61-4DA3-81CD-F8394E62A20F}"
EndProject
Global
	GlobalSection(SolutionConfigurationPlatforms) = preSolution
		Debug|Any CPU = Debug|Any CPU
		Release|Any CPU = Release|Any CPU
	EndGlobalSection
	GlobalSection(ProjectConfigurationPlatforms) = postSolution
		{59DD24AA-33FF-422C-9587-F718807C00D3}.Debug|Any CPU.ActiveCfg = Debug|Any CPU
		{59DD24AA-33FF-422C-9587-F718807C00D3}.Debug|Any CPU.Build.0 = Debug|Any CPU
		{59DD24AA-33FF-422C-9587-F718807C00D3}.Release|Any CPU.ActiveCfg = Release|Any CPU
		{59DD24AA-33FF-422C-9587-F718807C00D3}.Release|Any CPU.Build.0 = Release|Any CPU
		{9E1F5226-C7E4-4F0C-AC3D-D354F72A1BF5}.Debug|Any CPU.ActiveCfg = Debug|Any CPU
		{9E1F5226-C7E4-4F0C-AC3D-D354F72A1BF5}.Debug|Any CPU.Build.0 = Debug|Any CPU
		{9E1F5226-C7E4-4F0C-AC3D-D354F72A1BF5}.Release|Any CPU.ActiveCfg = Release|Any CPU
		{9E1F5226-C7E4-4F0C-AC3D-D354F72A1BF5}.Release|Any CPU.Build.0 = Release|Any CPU
		{1E6E7E28-7F61-4DA3-81CD-F8394E62A20F}.Debug|Any CPU.ActiveCfg = Debug|Any CPU
		{1E6E7E28-7F61-4DA3-81CD-F8394E62A20F}.Debug|Any CPU.Build.0 = Debug|Any CPU
		{1E6E7E28-7F61-4DA3-81CD-F8394E62A20F}.Release|Any CPU.ActiveCfg = Release|Any CPU
		{1E6E7E28-7F61-4DA3-81CD-F8394E62A20F}.Release|Any CPU.Build.0 = Release|Any CPU
	EndGlobalSection
	GlobalSection(SolutionProperties) = preSolution
		HideSolutionNode = FALSE
	EndGlobalSection
EndGlobal
